
Microsoft Visual Studio Solution File, Format Version 12.00
# Visual Studio Version 17
VisualStudioVersion = 17.7.34009.444
MinimumVisualStudioVersion = 10.0.40219.1
Project("{FAE04EC0-301F-11D3-BF4B-00C04F79EFBC}") = "WindowsFormsApp1", "WindowsFormsApp1\WindowsFormsApp1.csproj", "{010B8658-66E5-4073-B2D3-0CC9E692DC17}"
EndProject
Global
	GlobalSection(SolutionConfigurationPlatforms) = preSolution
		Debug|Any CPU = Debug|Any CPU
		Release|Any CPU = Release|Any CPU
	EndGlobalSection
	GlobalSection(ProjectConfigurationPlatforms) = postSolution
		{010B8658-66E5-4073-B2D3-0CC9E692DC17}.Debug|Any CPU.ActiveCfg = Debug|Any CPU
		{010B8658-66E5-4073-B2D3-0CC9E692DC17}.Debug|Any CPU.Build.0 = Debug|Any CPU
		{010B8658-66E5-4073-B2D3-0CC9E692DC17}.Release|Any CPU.ActiveCfg = Release|Any CPU
		{010B8658-66E5-4073-B2D3-0CC9E692DC17}.Release|Any CPU.Build.0 = Release|Any CPU
	EndGlobalSection
	GlobalSection(SolutionProperties) = preSolution
		HideSolutionNode = FALSE
	EndGlobalSection
	GlobalSection(ExtensibilityGlobals) = postSolution
		SolutionGuid = {F1A00F8B-E213-4B6A-B8B0-2DA8973F3BB6}
	EndGlobalSection
EndGlobal
